
Microsoft Visual Studio Solution File, Format Version 12.00
# Visual Studio 15
VisualStudioVersion = 15.0.28307.136
MinimumVisualStudioVersion = 10.0.40219.1
Project("{FAE04EC0-301F-11D3-BF4B-00C04F79EFBC}") = "Singleton", "Singleton\Singleton.csproj", "{17AEE2A3-6334-4FCB-B8DE-CB296C18F901}"
EndProject
Project("{FAE04EC0-301F-11D3-BF4B-00C04F79EFBC}") = "FactoryMethod", "FactoryMethod\FactoryMethod.csproj", "{807494B9-7791-4C4B-9C2B-8C44D6600BC1}"
EndProject
Project("{FAE04EC0-301F-11D3-BF4B-00C04F79EFBC}") = "AbstractFactory", "AbstractFactory\AbstractFactory.csproj", "{CBC66826-F8B6-462E-9522-436C3D93509B}"
EndProject
Project("{FAE04EC0-301F-11D3-BF4B-00C04F79EFBC}") = "Prototype", "Prototype\Prototype.csproj", "{24F51582-49BC-4195-BB7F-CE72D89EE12D}"
EndProject
Project("{FAE04EC0-301F-11D3-BF4B-00C04F79EFBC}") = "Builder", "Builder\Builder.csproj", "{E745BA38-381B-4756-ADB8-4FCE5DBCB888}"
EndProject
Project("{FAE04EC0-301F-11D3-BF4B-00C04F79EFBC}") = "Facade", "Facade\Facade.csproj", "{9881316E-ED24-4BE4-932C-8F7EE354D781}"
EndProject
Project("{FAE04EC0-301F-11D3-BF4B-00C04F79EFBC}") = "Adapter", "Adapter\Adapter.csproj", "{9313716B-3DCE-46A2-B745-7D8F11072CC9}"
EndProject
Project("{FAE04EC0-301F-11D3-BF4B-00C04F79EFBC}") = "Composite", "Composite\Composite.csproj", "{90758788-16D7-494B-BB7D-59046E7AFBB2}"
EndProject
Project("{FAE04EC0-301F-11D3-BF4B-00C04F79EFBC}") = "Proxy", "Proxy\Proxy.csproj", "{A70CE244-7729-408C-A464-833038965939}"
EndProject
Project("{FAE04EC0-301F-11D3-BF4B-00C04F79EFBC}") = "Decorator", "Decorator\Decorator.csproj", "{B8615775-D865-4C5C-A5D8-976019C746F7}"
EndProject
Project("{FAE04EC0-301F-11D3-BF4B-00C04F79EFBC}") = "Bridge", "Bridge\Bridge.csproj", "{79621229-7A07-4EA6-8F62-AF091A445702}"
EndProject
Project("{FAE04EC0-301F-11D3-BF4B-00C04F79EFBC}") = "Strategy", "Strategy\Strategy.csproj", "{671BD318-164B-453F-ACE2-CC334F347DD7}"
EndProject
Project("{FAE04EC0-301F-11D3-BF4B-00C04F79EFBC}") = "Observer", "Observer\Observer.csproj", "{6375EFD8-CB46-4525-93E3-272405867E1C}"
EndProject
Global
	GlobalSection(SolutionConfigurationPlatforms) = preSolution
		Debug|Any CPU = Debug|Any CPU
		Release|Any CPU = Release|Any CPU
	EndGlobalSection
	GlobalSection(ProjectConfigurationPlatforms) = postSolution
		{17AEE2A3-6334-4FCB-B8DE-CB296C18F901}.Debug|Any CPU.ActiveCfg = Debug|Any CPU
		{17AEE2A3-6334-4FCB-B8DE-CB296C18F901}.Debug|Any CPU.Build.0 = Debug|Any CPU
		{17AEE2A3-6334-4FCB-B8DE-CB296C18F901}.Release|Any CPU.ActiveCfg = Release|Any CPU
		{17AEE2A3-6334-4FCB-B8DE-CB296C18F901}.Release|Any CPU.Build.0 = Release|Any CPU
		{807494B9-7791-4C4B-9C2B-8C44D6600BC1}.Debug|Any CPU.ActiveCfg = Debug|Any CPU
		{807494B9-7791-4C4B-9C2B-8C44D6600BC1}.Debug|Any CPU.Build.0 = Debug|Any CPU
		{807494B9-7791-4C4B-9C2B-8C44D6600BC1}.Release|Any CPU.ActiveCfg = Release|Any CPU
		{807494B9-7791-4C4B-9C2B-8C44D6600BC1}.Release|Any CPU.Build.0 = Release|Any CPU
		{CBC66826-F8B6-462E-9522-436C3D93509B}.Debug|Any CPU.ActiveCfg = Debug|Any CPU
		{CBC66826-F8B6-462E-9522-436C3D93509B}.Debug|Any CPU.Build.0 = Debug|Any CPU
		{CBC66826-F8B6-462E-9522-436C3D93509B}.Release|Any CPU.ActiveCfg = Release|Any CPU
		{CBC66826-F8B6-462E-9522-436C3D93509B}.Release|Any CPU.Build.0 = Release|Any CPU
		{24F51582-49BC-4195-BB7F-CE72D89EE12D}.Debug|Any CPU.ActiveCfg = Debug|Any CPU
		{24F51582-49BC-4195-BB7F-CE72D89EE12D}.Debug|Any CPU.Build.0 = Debug|Any CPU
		{24F51582-49BC-4195-BB7F-CE72D89EE12D}.Release|Any CPU.ActiveCfg = Release|Any CPU
		{24F51582-49BC-4195-BB7F-CE72D89EE12D}.Release|Any CPU.Build.0 = Release|Any CPU
		{E745BA38-381B-4756-ADB8-4FCE5DBCB888}.Debug|Any CPU.ActiveCfg = Debug|Any CPU
		{E745BA38-381B-4756-ADB8-4FCE5DBCB888}.Debug|Any CPU.Build.0 = Debug|Any CPU
		{E745BA38-381B-4756-ADB8-4FCE5DBCB888}.Release|Any CPU.ActiveCfg = Release|Any CPU
		{E745BA38-381B-4756-ADB8-4FCE5DBCB888}.Release|Any CPU.Build.0 = Release|Any CPU
		{9881316E-ED24-4BE4-932C-8F7EE354D781}.Debug|Any CPU.ActiveCfg = Debug|Any CPU
		{9881316E-ED24-4BE4-932C-8F7EE354D781}.Debug|Any CPU.Build.0 = Debug|Any CPU
		{9881316E-ED24-4BE4-932C-8F7EE354D781}.Release|Any CPU.ActiveCfg = Release|Any CPU
		{9881316E-ED24-4BE4-932C-8F7EE354D781}.Release|Any CPU.Build.0 = Release|Any CPU
		{9313716B-3DCE-46A2-B745-7D8F11072CC9}.Debug|Any CPU.ActiveCfg = Debug|Any CPU
		{9313716B-3DCE-46A2-B745-7D8F11072CC9}.Debug|Any CPU.Build.0 = Debug|Any CPU
		{9313716B-3DCE-46A2-B745-7D8F11072CC9}.Release|Any CPU.ActiveCfg = Release|Any CPU
		{9313716B-3DCE-46A2-B745-7D8F11072CC9}.Release|Any CPU.Build.0 = Release|Any CPU
		{90758788-16D7-494B-BB7D-59046E7AFBB2}.Debug|Any CPU.ActiveCfg = Debug|Any CPU
		{90758788-16D7-494B-BB7D-59046E7AFBB2}.Debug|Any CPU.Build.0 = Debug|Any CPU
		{90758788-16D7-494B-BB7D-59046E7AFBB2}.Release|Any CPU.ActiveCfg = Release|Any CPU
		{90758788-16D7-494B-BB7D-59046E7AFBB2}.Release|Any CPU.Build.0 = Release|Any CPU
		{A70CE244-7729-408C-A464-833038965939}.Debug|Any CPU.ActiveCfg = Debug|Any CPU
		{A70CE244-7729-408C-A464-833038965939}.Debug|Any CPU.Build.0 = Debug|Any CPU
		{A70CE244-7729-408C-A464-833038965939}.Release|Any CPU.ActiveCfg = Release|Any CPU
		{A70CE244-7729-408C-A464-833038965939}.Release|Any CPU.Build.0 = Release|Any CPU
		{B8615775-D865-4C5C-A5D8-976019C746F7}.Debug|Any CPU.ActiveCfg = Debug|Any CPU
		{B8615775-D865-4C5C-A5D8-976019C746F7}.Debug|Any CPU.Build.0 = Debug|Any CPU
		{B8615775-D865-4C5C-A5D8-976019C746F7}.Release|Any CPU.ActiveCfg = Release|Any CPU
		{B8615775-D865-4C5C-A5D8-976019C746F7}.Release|Any CPU.Build.0 = Release|Any CPU
		{79621229-7A07-4EA6-8F62-AF091A445702}.Debug|Any CPU.ActiveCfg = Debug|Any CPU
		{79621229-7A07-4EA6-8F62-AF091A445702}.Debug|Any CPU.Build.0 = Debug|Any CPU
		{79621229-7A07-4EA6-8F62-AF091A445702}.Release|Any CPU.ActiveCfg = Release|Any CPU
		{79621229-7A07-4EA6-8F62-AF091A445702}.Release|Any CPU.Build.0 = Release|Any CPU
		{671BD318-164B-453F-ACE2-CC334F347DD7}.Debug|Any CPU.ActiveCfg = Debug|Any CPU
		{671BD318-164B-453F-ACE2-CC334F347DD7}.Debug|Any CPU.Build.0 = Debug|Any CPU
		{671BD318-164B-453F-ACE2-CC334F347DD7}.Release|Any CPU.ActiveCfg = Release|Any CPU
		{671BD318-164B-453F-ACE2-CC334F347DD7}.Release|Any CPU.Build.0 = Release|Any CPU
		{6375EFD8-CB46-4525-93E3-272405867E1C}.Debug|Any CPU.ActiveCfg = Debug|Any CPU
		{6375EFD8-CB46-4525-93E3-272405867E1C}.Debug|Any CPU.Build.0 = Debug|Any CPU
		{6375EFD8-CB46-4525-93E3-272405867E1C}.Release|Any CPU.ActiveCfg = Release|Any CPU
		{6375EFD8-CB46-4525-93E3-272405867E1C}.Release|Any CPU.Build.0 = Release|Any CPU
	EndGlobalSection
	GlobalSection(SolutionProperties) = preSolution
		HideSolutionNode = FALSE
	EndGlobalSection
	GlobalSection(ExtensibilityGlobals) = postSolution
		SolutionGuid = {E58404C2-45C9-4960-847D-D93DA1471EBA}
	EndGlobalSection
EndGlobal
